
Microsoft Visual Studio Solution File, Format Version 12.00
# Visual Studio Version 17
VisualStudioVersion = 17.4.33213.308
MinimumVisualStudioVersion = 10.0.40219.1
Project("{FAE04EC0-301F-11D3-BF4B-00C04F79EFBC}") = "circularMT", "circularMT\circularMT.csproj", "{87455BB0-C98B-4E40-A46B-BDC5DBB62A3D}"
EndProject
Global
	GlobalSection(SolutionConfigurationPlatforms) = preSolution
		Debug|Any CPU = Debug|Any CPU
		Release|Any CPU = Release|Any CPU
	EndGlobalSection
	GlobalSection(ProjectConfigurationPlatforms) = postSolution
		{87455BB0-C98B-4E40-A46B-BDC5DBB62A3D}.Debug|Any CPU.ActiveCfg = Debug|Any CPU
		{87455BB0-C98B-4E40-A46B-BDC5DBB62A3D}.Debug|Any CPU.Build.0 = Debug|Any CPU
		{87455BB0-C98B-4E40-A46B-BDC5DBB62A3D}.Release|Any CPU.ActiveCfg = Release|Any CPU
		{87455BB0-C98B-4E40-A46B-BDC5DBB62A3D}.Release|Any CPU.Build.0 = Release|Any CPU
	EndGlobalSection
	GlobalSection(SolutionProperties) = preSolution
		HideSolutionNode = FALSE
	EndGlobalSection
	GlobalSection(ExtensibilityGlobals) = postSolution
		SolutionGuid = {4DE8F291-D9F4-4B87-9E95-1EAF5F1071A4}
	EndGlobalSection
EndGlobal
